<?xml version="1.0" encoding="utf-8"?>
<Project ToolsVersion="4.0" xmlns="http://schemas.microsoft.com/developer/msbuild/2003">
  <ItemGroup>
    <Filter Include="Animals">
      <UniqueIdentifier>{51c41b9c-1be1-4603-89c1-58bb32fcdd0f}</UniqueIdentifier>
    </Filter>
    <Filter Include="Animals\Mammals">
      <UniqueIdentifier>{0db0371a-de2e-4be3-ad74-77c7413c986a}</UniqueIdentifier>
    </Filter>
    <Filter Include="Animals\Components">
      <UniqueIdentifier>{47277cf2-f850-45f0-99c1-a11bda75fa26}</UniqueIdentifier>
    </Filter>
    <Filter Include="SerializationPrimitives">
      <UniqueIdentifier>{671a77af-04b3-4c1c-906b-26da265f44b2}</UniqueIdentifier>
    </Filter>
    <Filter Include="SerializationPrimitives\Arrays">
      <UniqueIdentifier>{949d23ab-8bb4-4c50-9f88-49ada3f91054}</UniqueIdentifier>
    </Filter>
    <Filter Include="SerializationPrimitives\Enums">
      <UniqueIdentifier>{3b313ec1-bebc-4c3e-b30d-54b68362d11b}</UniqueIdentifier>
    </Filter>
    <Filter Include="SerializationPrimitives\Structs">
      <UniqueIdentifier>{d23f2972-24b0-41aa-8375-62e338273a08}</UniqueIdentifier>
    </Filter>
  </ItemGroup>
  <ItemGroup>
    <ClInclude Include="..\..\..\TestUtils\TestClassHierarchy\Animals\Animal.h">
      <Filter>Animals</Filter>
    </ClInclude>
    <ClInclude Include="..\..\..\TestUtils\TestClassHierarchy\Animals\Zoo.h">
      <Filter>Animals</Filter>
    </ClInclude>
    <ClInclude Include="..\..\..\TestUtils\TestClassHierarchy\Animals\Components\PhysicalProperties.h">
      <Filter>Animals\Components</Filter>
    </ClInclude>
    <ClInclude Include="..\..\..\TestUtils\TestClassHierarchy\Animals\Mammals\Dog.h">
      <Filter>Animals\Mammals</Filter>
    </ClInclude>
    <ClInclude Include="..\..\..\TestUtils\TestClassHierarchy\Animals\Mammals\HomoSapiens.h">
      <Filter>Animals\Mammals</Filter>
    </ClInclude>
    <ClInclude Include="..\..\..\TestUtils\TestClassHierarchy\Animals\Mammals\Mammal.h">
      <Filter>Animals\Mammals</Filter>
    </ClInclude>
    <ClInclude Include="..\..\..\TestUtils\TestClassHierarchy\SerializationPrimitives\BaseObject.h">
      <Filter>SerializationPrimitives</Filter>
    </ClInclude>
    <ClInclude Include="..\..\..\TestUtils\TestClassHierarchy\SerializationPrimitives\StringContainer.h">
      <Filter>SerializationPrimitives</Filter>
    </ClInclude>
    <ClInclude Include="..\..\..\TestUtils\TestClassHierarchy\SerializationPrimitives\StructWithSimpleTypes.h">
      <Filter>SerializationPrimitives</Filter>
    </ClInclude>
    <ClInclude Include="..\..\..\TestUtils\TestClassHierarchy\SerializationPrimitives\Arrays\ArrayContainer.h">
      <Filter>SerializationPrimitives\Arrays</Filter>
    </ClInclude>
    <ClInclude Include="..\..\..\TestUtils\TestClassHierarchy\SerializationPrimitives\Arrays\StaticArrayContainer.h">
      <Filter>SerializationPrimitives\Arrays</Filter>
    </ClInclude>
    <ClInclude Include="..\..\..\TestUtils\TestClassHierarchy\SerializationPrimitives\Arrays\StaticArrayContainer_Readonly.h">
      <Filter>SerializationPrimitives\Arrays</Filter>
    </ClInclude>
    <ClInclude Include="..\..\..\TestUtils\TestClassHierarchy\SerializationPrimitives\Enums\TriStateEnum.h">
      <Filter>SerializationPrimitives\Enums</Filter>
    </ClInclude>
    <ClInclude Include="..\..\..\TestUtils\TestClassHierarchy\SerializationPrimitives\Enums\TriStateObject.h">
      <Filter>SerializationPrimitives\Enums</Filter>
    </ClInclude>
    <ClInclude Include="..\..\..\TestUtils\TestClassHierarchy\SerializationPrimitives\Structs\StructAsRefContainer.h">
      <Filter>SerializationPrimitives\Structs</Filter>
    </ClInclude>
    <ClInclude Include="..\..\..\TestUtils\TestClassHierarchy\SerializationPrimitives\Structs\StructAsPtrContainer.h">
      <Filter>SerializationPrimitives\Structs</Filter>
    </ClInclude>
    <ClInclude Include="..\..\..\TestUtils\TestClassHierarchy\SerializationPrimitives\Structs\StructAsCopyContainer.h">
      <Filter>SerializationPrimitives\Structs</Filter>
    </ClInclude>
  </ItemGroup>
  <ItemGroup>
    <ClCompile Include="..\..\..\TestUtils\TestClassHierarchy\Animals\Registration.cpp">
      <Filter>Animals</Filter>
    </ClCompile>
    <ClCompile Include="..\..\..\TestUtils\TestClassHierarchy\SerializationPrimitives\PropertyRegistration.cpp">
      <Filter>SerializationPrimitives</Filter>
    </ClCompile>
  </ItemGroup>
</Project>