<?xml version="1.0" encoding="utf-8"?>
<Project ToolsVersion="4.0" xmlns="http://schemas.microsoft.com/developer/msbuild/2003">
  <ItemGroup>
    <Filter Include="TestCases">
      <UniqueIdentifier>{01fe24d8-d556-4ae8-b05f-862330eadb8c}</UniqueIdentifier>
    </Filter>
    <Filter Include="PrecompiledHeader">
      <UniqueIdentifier>{6e2f18aa-ac8b-4667-99a8-f2ed86f0b3e1}</UniqueIdentifier>
    </Filter>
  </ItemGroup>
  <ItemGroup>
    <ClCompile Include="..\..\..\..\..\Tests\SerializationTest\main.cpp" />
    <ClCompile Include="..\..\..\..\..\Tests\SerializationTest\TestCases\EngineObjectSerialization.cpp">
      <Filter>TestCases</Filter>
    </ClCompile>
    <ClCompile Include="..\..\..\..\..\Tests\SerializationTest\TestCases\StlTypesSerialization.cpp">
      <Filter>TestCases</Filter>
    </ClCompile>
    <ClCompile Include="..\..\..\..\..\Tests\SerializationTest\TestCases\BasicTypesSerialization.cpp">
      <Filter>TestCases</Filter>
    </ClCompile>
    <ClCompile Include="..\..\..\..\..\Tests\SerializationTest\PrecompiledHeader\stdafx.cpp">
      <Filter>PrecompiledHeader</Filter>
    </ClCompile>
  </ItemGroup>
  <ItemGroup>
    <ClInclude Include="..\..\..\..\..\Tests\SerializationTest\PrecompiledHeader\stdafx.h">
      <Filter>PrecompiledHeader</Filter>
    </ClInclude>
  </ItemGroup>
</Project>