<?xml version="1.0" encoding="utf-8"?>
<Project ToolsVersion="4.0" xmlns="http://schemas.microsoft.com/developer/msbuild/2003">
  <ItemGroup>
    <Filter Include="Test">
      <UniqueIdentifier>{62fff8ad-a20d-46d3-a434-9105d66754d4}</UniqueIdentifier>
    </Filter>
  </ItemGroup>
  <ItemGroup>
    <ClCompile Include="..\..\..\..\CommonLibrary\Tests\PropertyAnimationTest\AnimationClassTest.cpp">
      <Filter>Test</Filter>
    </ClCompile>
    <ClCompile Include="..\..\..\..\CommonLibrary\Tests\PropertyAnimationTest\FakeTimeline.cpp">
      <Filter>Test</Filter>
    </ClCompile>
    <ClCompile Include="..\..\..\..\CommonLibrary\Tests\PropertyAnimationTest\InterpolatorsTest.cpp">
      <Filter>Test</Filter>
    </ClCompile>
    <ClCompile Include="..\..\..\..\CommonLibrary\Tests\PropertyAnimationTest\main.cpp">
      <Filter>Test</Filter>
    </ClCompile>
    <ClCompile Include="..\..\..\..\CommonLibrary\Tests\PropertyAnimationTest\PropertyHelpersTest.cpp">
      <Filter>Test</Filter>
    </ClCompile>
    <ClCompile Include="..\..\..\..\CommonLibrary\Tests\PropertyAnimationTest\TestClasses.cpp">
      <Filter>Test</Filter>
    </ClCompile>
    <ClCompile Include="..\..\..\..\CommonLibrary\Tests\PropertyAnimationTest\TimelinesTest.cpp">
      <Filter>Test</Filter>
    </ClCompile>
  </ItemGroup>
  <ItemGroup>
    <ClInclude Include="..\..\..\..\CommonLibrary\Tests\PropertyAnimationTest\FakeTimeline.h">
      <Filter>Test</Filter>
    </ClInclude>
    <ClInclude Include="..\..\..\..\CommonLibrary\Tests\PropertyAnimationTest\TestClasses.h">
      <Filter>Test</Filter>
    </ClInclude>
  </ItemGroup>
</Project>